
Microsoft Visual Studio Solution File, Format Version 12.00
# Visual Studio Version 17
VisualStudioVersion = 17.10.35122.118
MinimumVisualStudioVersion = 10.0.40219.1
Project("{9A19103F-16F7-4668-BE54-9A1E7A4F7556}") = "AmazonV02.ApIs", "AmazonV02.ApIs\AmazonV02.ApIs.csproj", "{699410E3-817C-4312-8984-D7143238CC38}"
EndProject
Project("{9A19103F-16F7-4668-BE54-9A1E7A4F7556}") = "AmazonV02.Core", "AmazonV02.Core\AmazonV02.Core.csproj", "{DD73912B-F9F5-4439-892B-03166F593107}"
EndProject
Project("{9A19103F-16F7-4668-BE54-9A1E7A4F7556}") = "AmazonV02.Repository", "AmazonV02.Repository\AmazonV02.Repository.csproj", "{E0715393-9B44-4982-9911-823483D111EB}"
EndProject
Project("{9A19103F-16F7-4668-BE54-9A1E7A4F7556}") = "AmazonV02.Services", "AmazonV02.Services\AmazonV02.Services.csproj", "{BB514D10-EC36-4CE7-80DF-6B286BC662D5}"
EndProject
Project("{FAE04EC0-301F-11D3-BF4B-00C04F79EFBC}") = "AdminPanel", "AdminPanel\AdminPanel.csproj", "{4404B467-AC89-4F61-A376-0F7619021549}"
EndProject
Global
	GlobalSection(SolutionConfigurationPlatforms) = preSolution
		Debug|Any CPU = Debug|Any CPU
		Release|Any CPU = Release|Any CPU
	EndGlobalSection
	GlobalSection(ProjectConfigurationPlatforms) = postSolution
		{699410E3-817C-4312-8984-D7143238CC38}.Debug|Any CPU.ActiveCfg = Debug|Any CPU
		{699410E3-817C-4312-8984-D7143238CC38}.Debug|Any CPU.Build.0 = Debug|Any CPU
		{699410E3-817C-4312-8984-D7143238CC38}.Release|Any CPU.ActiveCfg = Release|Any CPU
		{699410E3-817C-4312-8984-D7143238CC38}.Release|Any CPU.Build.0 = Release|Any CPU
		{DD73912B-F9F5-4439-892B-03166F593107}.Debug|Any CPU.ActiveCfg = Debug|Any CPU
		{DD73912B-F9F5-4439-892B-03166F593107}.Debug|Any CPU.Build.0 = Debug|Any CPU
		{DD73912B-F9F5-4439-892B-03166F593107}.Release|Any CPU.ActiveCfg = Release|Any CPU
		{DD73912B-F9F5-4439-892B-03166F593107}.Release|Any CPU.Build.0 = Release|Any CPU
		{E0715393-9B44-4982-9911-823483D111EB}.Debug|Any CPU.ActiveCfg = Debug|Any CPU
		{E0715393-9B44-4982-9911-823483D111EB}.Debug|Any CPU.Build.0 = Debug|Any CPU
		{E0715393-9B44-4982-9911-823483D111EB}.Release|Any CPU.ActiveCfg = Release|Any CPU
		{E0715393-9B44-4982-9911-823483D111EB}.Release|Any CPU.Build.0 = Release|Any CPU
		{BB514D10-EC36-4CE7-80DF-6B286BC662D5}.Debug|Any CPU.ActiveCfg = Debug|Any CPU
		{BB514D10-EC36-4CE7-80DF-6B286BC662D5}.Debug|Any CPU.Build.0 = Debug|Any CPU
		{BB514D10-EC36-4CE7-80DF-6B286BC662D5}.Release|Any CPU.ActiveCfg = Release|Any CPU
		{BB514D10-EC36-4CE7-80DF-6B286BC662D5}.Release|Any CPU.Build.0 = Release|Any CPU
		{4404B467-AC89-4F61-A376-0F7619021549}.Debug|Any CPU.ActiveCfg = Debug|Any CPU
		{4404B467-AC89-4F61-A376-0F7619021549}.Debug|Any CPU.Build.0 = Debug|Any CPU
		{4404B467-AC89-4F61-A376-0F7619021549}.Release|Any CPU.ActiveCfg = Release|Any CPU
		{4404B467-AC89-4F61-A376-0F7619021549}.Release|Any CPU.Build.0 = Release|Any CPU
	EndGlobalSection
	GlobalSection(SolutionProperties) = preSolution
		HideSolutionNode = FALSE
	EndGlobalSection
	GlobalSection(ExtensibilityGlobals) = postSolution
		SolutionGuid = {5A4B38A4-9A31-45E8-81AC-685C96DA8572}
	EndGlobalSection
EndGlobal
